Microsoft Visual Studio Solution File, Format Version 11.00
# Visual Studio 2008

Project("{946E2A04-73AB-158A-8204-4863E299D46E}") = "VR_Rollaball_Unity", "Assembly-CSharp.csproj", "{02CB5E1D-75C8-EA49-E3B9-0DEA31E901AC}"
EndProject
Project("{946E2A04-73AB-158A-8204-4863E299D46E}") = "VR_Rollaball_Unity", "Assembly-CSharp-Editor.csproj", "{AD926C70-2B06-8370-1D4B-34B93D1F7E64}"
EndProject
Global
	GlobalSection(SolutionConfigurationPlatforms) = preSolution
		Debug|Any CPU = Debug|Any CPU
		Release|Any CPU = Release|Any CPU
	EndGlobalSection
	GlobalSection(ProjectConfigurationPlatforms) = postSolution
		{02CB5E1D-75C8-EA49-E3B9-0DEA31E901AC}.Debug|Any CPU.ActiveCfg = Debug|Any CPU
		{02CB5E1D-75C8-EA49-E3B9-0DEA31E901AC}.Debug|Any CPU.Build.0 = Debug|Any CPU
		{02CB5E1D-75C8-EA49-E3B9-0DEA31E901AC}.Release|Any CPU.ActiveCfg = Release|Any CPU
		{02CB5E1D-75C8-EA49-E3B9-0DEA31E901AC}.Release|Any CPU.Build.0 = Release|Any CPU
		{AD926C70-2B06-8370-1D4B-34B93D1F7E64}.Debug|Any CPU.ActiveCfg = Debug|Any CPU
		{AD926C70-2B06-8370-1D4B-34B93D1F7E64}.Debug|Any CPU.Build.0 = Debug|Any CPU
		{AD926C70-2B06-8370-1D4B-34B93D1F7E64}.Release|Any CPU.ActiveCfg = Release|Any CPU
		{AD926C70-2B06-8370-1D4B-34B93D1F7E64}.Release|Any CPU.Build.0 = Release|Any CPU
	EndGlobalSection
	GlobalSection(SolutionProperties) = preSolution
		HideSolutionNode = FALSE
	EndGlobalSection
	GlobalSection(MonoDevelopProperties) = preSolution
		StartupItem = Assembly-CSharp.csproj
	EndGlobalSection
EndGlobal
