
Microsoft Visual Studio Solution File, Format Version 12.00
# Visual Studio 2015
Project("{FAE04EC0-301F-11D3-BF4B-00C04F79EFBC}") = "VR_Office.CSharp.Plugins", "VR_Office.CSharp.Plugins.csproj", "{27F1B289-6FAC-41A9-93B8-60C581293E0B}"
EndProject
Project("{FAE04EC0-301F-11D3-BF4B-00C04F79EFBC}") = "VR_Office.CSharp", "VR_Office.CSharp.csproj", "{0D5A745F-C577-9049-FE43-0001A8C3DE3A}"
EndProject
Project("{FAE04EC0-301F-11D3-BF4B-00C04F79EFBC}") = "VR_Office.CSharp.Editor", "VR_Office.CSharp.Editor.csproj", "{478534D1-0AC6-96AD-E5EE-AA475AC311A0}"
EndProject
Global
	GlobalSection(SolutionConfigurationPlatforms) = preSolution
		Debug|Any CPU = Debug|Any CPU
		Release|Any CPU = Release|Any CPU
	EndGlobalSection
	GlobalSection(ProjectConfigurationPlatforms) = postSolution
		{27F1B289-6FAC-41A9-93B8-60C581293E0B}.Debug|Any CPU.ActiveCfg = Debug|Any CPU
		{27F1B289-6FAC-41A9-93B8-60C581293E0B}.Debug|Any CPU.Build.0 = Debug|Any CPU
		{27F1B289-6FAC-41A9-93B8-60C581293E0B}.Release|Any CPU.ActiveCfg = Release|Any CPU
		{27F1B289-6FAC-41A9-93B8-60C581293E0B}.Release|Any CPU.Build.0 = Release|Any CPU
		{0D5A745F-C577-9049-FE43-0001A8C3DE3A}.Debug|Any CPU.ActiveCfg = Debug|Any CPU
		{0D5A745F-C577-9049-FE43-0001A8C3DE3A}.Debug|Any CPU.Build.0 = Debug|Any CPU
		{0D5A745F-C577-9049-FE43-0001A8C3DE3A}.Release|Any CPU.ActiveCfg = Release|Any CPU
		{0D5A745F-C577-9049-FE43-0001A8C3DE3A}.Release|Any CPU.Build.0 = Release|Any CPU
		{478534D1-0AC6-96AD-E5EE-AA475AC311A0}.Debug|Any CPU.ActiveCfg = Debug|Any CPU
		{478534D1-0AC6-96AD-E5EE-AA475AC311A0}.Debug|Any CPU.Build.0 = Debug|Any CPU
		{478534D1-0AC6-96AD-E5EE-AA475AC311A0}.Release|Any CPU.ActiveCfg = Release|Any CPU
		{478534D1-0AC6-96AD-E5EE-AA475AC311A0}.Release|Any CPU.Build.0 = Release|Any CPU
	EndGlobalSection
	GlobalSection(SolutionProperties) = preSolution
		HideSolutionNode = FALSE
	EndGlobalSection
EndGlobal
