Microsoft Visual Studio Solution File, Format Version 11.00
# Visual Studio 2008

Project("{6E8C21F2-9AFB-1207-23B0-0CEC2C546257}") = "VirtualSpaceJam", "Assembly-CSharp.csproj", "{61CBBF04-697B-1069-0DE3-1B5B319A6B78}"
EndProject
Project("{6E8C21F2-9AFB-1207-23B0-0CEC2C546257}") = "VirtualSpaceJam", "Assembly-CSharp-Editor.csproj", "{6B77D963-DF72-FAF2-EC00-6AA5DF40C3DE}"
EndProject
Global
	GlobalSection(SolutionConfigurationPlatforms) = preSolution
		Debug|Any CPU = Debug|Any CPU
		Release|Any CPU = Release|Any CPU
	EndGlobalSection
	GlobalSection(ProjectConfigurationPlatforms) = postSolution
		{61CBBF04-697B-1069-0DE3-1B5B319A6B78}.Debug|Any CPU.ActiveCfg = Debug|Any CPU
		{61CBBF04-697B-1069-0DE3-1B5B319A6B78}.Debug|Any CPU.Build.0 = Debug|Any CPU
		{61CBBF04-697B-1069-0DE3-1B5B319A6B78}.Release|Any CPU.ActiveCfg = Release|Any CPU
		{61CBBF04-697B-1069-0DE3-1B5B319A6B78}.Release|Any CPU.Build.0 = Release|Any CPU
		{6B77D963-DF72-FAF2-EC00-6AA5DF40C3DE}.Debug|Any CPU.ActiveCfg = Debug|Any CPU
		{6B77D963-DF72-FAF2-EC00-6AA5DF40C3DE}.Debug|Any CPU.Build.0 = Debug|Any CPU
		{6B77D963-DF72-FAF2-EC00-6AA5DF40C3DE}.Release|Any CPU.ActiveCfg = Release|Any CPU
		{6B77D963-DF72-FAF2-EC00-6AA5DF40C3DE}.Release|Any CPU.Build.0 = Release|Any CPU
	EndGlobalSection
	GlobalSection(SolutionProperties) = preSolution
		HideSolutionNode = FALSE
	EndGlobalSection
	GlobalSection(MonoDevelopProperties) = preSolution
		StartupItem = Assembly-CSharp.csproj
	EndGlobalSection
EndGlobal
